
Microsoft Visual Studio Solution File, Format Version 12.00
# Visual Studio Version 16
VisualStudioVersion = 16.0.31829.152
MinimumVisualStudioVersion = 10.0.40219.1
Project("{FAE04EC0-301F-11D3-BF4B-00C04F79EFBC}") = "d3hiring.MVC", "d3hiring.MVC\d3hiring.MVC.csproj", "{5F8102EB-9CAE-43AD-82B6-59814CA7A5C0}"
EndProject
Project("{FAE04EC0-301F-11D3-BF4B-00C04F79EFBC}") = "d3hiring.Data", "d3hiring.Data\d3hiring.Data.csproj", "{56CF9E1C-E7D6-4419-8585-E274105D3BC5}"
EndProject
Project("{FAE04EC0-301F-11D3-BF4B-00C04F79EFBC}") = "d3hiring.Biz", "d3hiring.Biz\d3hiring.Biz.csproj", "{70709962-90F1-4071-A98A-6DE0DA7548D1}"
EndProject
Project("{FAE04EC0-301F-11D3-BF4B-00C04F79EFBC}") = "d3hiring.MVC.Tests", "d3hiring.MVC.Tests\d3hiring.MVC.Tests.csproj", "{78A00919-4272-4406-8408-EF7641A57F7D}"
EndProject
Global
	GlobalSection(SolutionConfigurationPlatforms) = preSolution
		Debug|Any CPU = Debug|Any CPU
		Release|Any CPU = Release|Any CPU
	EndGlobalSection
	GlobalSection(ProjectConfigurationPlatforms) = postSolution
		{56CF9E1C-E7D6-4419-8585-E274105D3BC5}.Debug|Any CPU.ActiveCfg = Debug|Any CPU
		{56CF9E1C-E7D6-4419-8585-E274105D3BC5}.Debug|Any CPU.Build.0 = Debug|Any CPU
		{56CF9E1C-E7D6-4419-8585-E274105D3BC5}.Release|Any CPU.ActiveCfg = Release|Any CPU
		{56CF9E1C-E7D6-4419-8585-E274105D3BC5}.Release|Any CPU.Build.0 = Release|Any CPU
		{5F8102EB-9CAE-43AD-82B6-59814CA7A5C0}.Debug|Any CPU.ActiveCfg = Debug|Any CPU
		{5F8102EB-9CAE-43AD-82B6-59814CA7A5C0}.Debug|Any CPU.Build.0 = Debug|Any CPU
		{5F8102EB-9CAE-43AD-82B6-59814CA7A5C0}.Release|Any CPU.ActiveCfg = Release|Any CPU
		{5F8102EB-9CAE-43AD-82B6-59814CA7A5C0}.Release|Any CPU.Build.0 = Release|Any CPU
		{70709962-90F1-4071-A98A-6DE0DA7548D1}.Debug|Any CPU.ActiveCfg = Debug|Any CPU
		{70709962-90F1-4071-A98A-6DE0DA7548D1}.Debug|Any CPU.Build.0 = Debug|Any CPU
		{70709962-90F1-4071-A98A-6DE0DA7548D1}.Release|Any CPU.ActiveCfg = Release|Any CPU
		{70709962-90F1-4071-A98A-6DE0DA7548D1}.Release|Any CPU.Build.0 = Release|Any CPU
		{78A00919-4272-4406-8408-EF7641A57F7D}.Debug|Any CPU.ActiveCfg = Debug|Any CPU
		{78A00919-4272-4406-8408-EF7641A57F7D}.Debug|Any CPU.Build.0 = Debug|Any CPU
		{78A00919-4272-4406-8408-EF7641A57F7D}.Release|Any CPU.ActiveCfg = Release|Any CPU
		{78A00919-4272-4406-8408-EF7641A57F7D}.Release|Any CPU.Build.0 = Release|Any CPU
	EndGlobalSection
	GlobalSection(SolutionProperties) = preSolution
		HideSolutionNode = FALSE
	EndGlobalSection
	GlobalSection(ExtensibilityGlobals) = postSolution
		SolutionGuid = {504F9F31-E0CB-40B8-B1AD-2842C7A0CE8F}
	EndGlobalSection
EndGlobal
